
Microsoft Visual Studio Solution File, Format Version 11.00
# Visual Studio 2010
Project("{FAE04EC0-301F-11D3-BF4B-00C04F79EFBC}") = "Monads", "Monads\Monads.csproj", "{A1A02361-8B3E-4E97-9FED-7FC381496A6B}"
EndProject
Project("{FAE04EC0-301F-11D3-BF4B-00C04F79EFBC}") = "MonadTests", "MonadTests\MonadTests.csproj", "{02CF93F3-2FCB-4A08-AD83-0BFE3D15078C}"
EndProject
Global
	GlobalSection(TestCaseManagementSettings) = postSolution
		CategoryFile = MonadPresentation.vsmdi
	EndGlobalSection
	GlobalSection(SolutionConfigurationPlatforms) = preSolution
		Debug|Any CPU = Debug|Any CPU
		Debug|Mixed Platforms = Debug|Mixed Platforms
		Debug|x86 = Debug|x86
		Release|Any CPU = Release|Any CPU
		Release|Mixed Platforms = Release|Mixed Platforms
		Release|x86 = Release|x86
	EndGlobalSection
	GlobalSection(ProjectConfigurationPlatforms) = postSolution
		{A1A02361-8B3E-4E97-9FED-7FC381496A6B}.Debug|Any CPU.ActiveCfg = Debug|Any CPU
		{A1A02361-8B3E-4E97-9FED-7FC381496A6B}.Debug|Any CPU.Build.0 = Debug|Any CPU
		{A1A02361-8B3E-4E97-9FED-7FC381496A6B}.Debug|Mixed Platforms.ActiveCfg = Debug|Any CPU
		{A1A02361-8B3E-4E97-9FED-7FC381496A6B}.Debug|Mixed Platforms.Build.0 = Debug|Any CPU
		{A1A02361-8B3E-4E97-9FED-7FC381496A6B}.Debug|x86.ActiveCfg = Debug|Any CPU
		{A1A02361-8B3E-4E97-9FED-7FC381496A6B}.Release|Any CPU.ActiveCfg = Release|Any CPU
		{A1A02361-8B3E-4E97-9FED-7FC381496A6B}.Release|Any CPU.Build.0 = Release|Any CPU
		{A1A02361-8B3E-4E97-9FED-7FC381496A6B}.Release|Mixed Platforms.ActiveCfg = Release|Any CPU
		{A1A02361-8B3E-4E97-9FED-7FC381496A6B}.Release|Mixed Platforms.Build.0 = Release|Any CPU
		{A1A02361-8B3E-4E97-9FED-7FC381496A6B}.Release|x86.ActiveCfg = Release|Any CPU
		{02CF93F3-2FCB-4A08-AD83-0BFE3D15078C}.Debug|Any CPU.ActiveCfg = Debug|Any CPU
		{02CF93F3-2FCB-4A08-AD83-0BFE3D15078C}.Debug|Any CPU.Build.0 = Debug|Any CPU
		{02CF93F3-2FCB-4A08-AD83-0BFE3D15078C}.Debug|Mixed Platforms.ActiveCfg = Debug|Any CPU
		{02CF93F3-2FCB-4A08-AD83-0BFE3D15078C}.Debug|Mixed Platforms.Build.0 = Debug|Any CPU
		{02CF93F3-2FCB-4A08-AD83-0BFE3D15078C}.Debug|x86.ActiveCfg = Debug|Any CPU
		{02CF93F3-2FCB-4A08-AD83-0BFE3D15078C}.Release|Any CPU.ActiveCfg = Release|Any CPU
		{02CF93F3-2FCB-4A08-AD83-0BFE3D15078C}.Release|Any CPU.Build.0 = Release|Any CPU
		{02CF93F3-2FCB-4A08-AD83-0BFE3D15078C}.Release|Mixed Platforms.ActiveCfg = Release|Any CPU
		{02CF93F3-2FCB-4A08-AD83-0BFE3D15078C}.Release|Mixed Platforms.Build.0 = Release|Any CPU
		{02CF93F3-2FCB-4A08-AD83-0BFE3D15078C}.Release|x86.ActiveCfg = Release|Any CPU
	EndGlobalSection
	GlobalSection(SolutionProperties) = preSolution
		HideSolutionNode = FALSE
	EndGlobalSection
EndGlobal
